GEM
  remote: https://rubygems.org/
  specs:
    activesupport (8.1.3)
      base64
      bigdecimal
      concurrent-ruby (~> 1.0, >= 1.3.1)
      connection_pool (>= 2.2.5)
      drb
      i18n (>= 1.6, < 2)
      json
      logger (>= 1.4.2)
      minitest (>= 5.1)
      securerandom (>= 0.3)
      tzinfo (~> 2.0, >= 2.0.5)
      uri (>= 0.13.1)
    addressable (2.9.0)
      public_suffix (>= 2.0.2, < 8.0)
    ast (2.4.3)
    base64 (0.3.0)
    bigdecimal (4.1.2)
    concurrent-ruby (1.3.6)
    connection_pool (3.0.2)
    drb (2.2.3)
    faraday (2.14.2)
      faraday-net_http (>= 2.0, < 3.5)
      json
      logger
    faraday-net_http (3.4.2)
      net-http (~> 0.5)
    faraday-retry (2.4.0)
      faraday (~> 2.0)
    fiber-storage (1.0.1)
    gapic-common (1.3.0)
      faraday (>= 1.9, < 3.a)
      faraday-retry (>= 1.0, < 3.a)
      google-cloud-env (~> 2.2)
      google-logging-utils (~> 0.1)
      google-protobuf (~> 4.26)
      googleapis-common-protos (~> 1.6)
      googleapis-common-protos-types (~> 1.15)
      googleauth (~> 1.12)
      grpc (~> 1.66)
    google-cloud-core (1.8.0)
      google-cloud-env (>= 1.0, < 3.a)
      google-cloud-errors (~> 1.0)
    google-cloud-env (2.3.1)
      base64 (~> 0.2)
      faraday (>= 1.0, < 3.a)
    google-cloud-errors (1.6.0)
    google-cloud-firestore (2.15.0)
      concurrent-ruby (~> 1.0)
      google-cloud-core (~> 1.5)
      google-cloud-firestore-v1 (~> 0.10)
      rbtree (~> 0.4.2)
    google-cloud-firestore-v1 (0.14.0)
      gapic-common (>= 0.21.1, < 2.a)
      google-cloud-errors (~> 1.0)
      google-cloud-location (>= 0.7, < 2.a)
    google-cloud-location (1.4.0)
      gapic-common (~> 1.2)
      google-cloud-errors (~> 1.0)
    google-logging-utils (0.2.0)
    google-protobuf (4.34.1)
      bigdecimal
      rake (~> 13.3)
    google-protobuf (4.34.1-aarch64-linux-gnu)
      bigdecimal
      rake (~> 13.3)
    google-protobuf (4.34.1-aarch64-linux-musl)
      bigdecimal
      rake (~> 13.3)
    google-protobuf (4.34.1-arm64-darwin)
      bigdecimal
      rake (~> 13.3)
    google-protobuf (4.34.1-x86-linux-gnu)
      bigdecimal
      rake (~> 13.3)
    google-protobuf (4.34.1-x86-linux-musl)
      bigdecimal
      rake (~> 13.3)
    google-protobuf (4.34.1-x86_64-darwin)
      bigdecimal
      rake (~> 13.3)
    google-protobuf (4.34.1-x86_64-linux-gnu)
      bigdecimal
      rake (~> 13.3)
    google-protobuf (4.34.1-x86_64-linux-musl)
      bigdecimal
      rake (~> 13.3)
    googleapis-common-protos (1.9.0)
      google-protobuf (~> 4.26)
      googleapis-common-protos-types (~> 1.21)
      grpc (~> 1.41)
    googleapis-common-protos-types (1.22.0)
      google-protobuf (~> 4.26)
    googleauth (1.16.2)
      faraday (>= 1.0, < 3.a)
      google-cloud-env (~> 2.2)
      google-logging-utils (~> 0.1)
      jwt (>= 1.4, < 4.0)
      multi_json (~> 1.11)
      os (>= 0.9, < 2.0)
      signet (>= 0.16, < 2.a)
    graphlient (0.8.0)
      faraday (~> 2.0)
      graphql-client
    graphql (2.6.2)
      base64
      fiber-storage
      logger
    graphql-client (0.26.0)
      activesupport (>= 3.0)
      graphql (>= 1.13.0)
    grpc (1.80.0)
      google-protobuf (>= 3.25, < 5.0)
      googleapis-common-protos-types (~> 1.0)
    grpc (1.80.0-aarch64-linux-gnu)
      google-protobuf (>= 3.25, < 5.0)
      googleapis-common-protos-types (~> 1.0)
    grpc (1.80.0-aarch64-linux-musl)
      google-protobuf (>= 3.25, < 5.0)
      googleapis-common-protos-types (~> 1.0)
    grpc (1.80.0-arm64-darwin)
      google-protobuf (>= 3.25, < 5.0)
      googleapis-common-protos-types (~> 1.0)
    grpc (1.80.0-x86-linux-gnu)
      google-protobuf (>= 3.25, < 5.0)
      googleapis-common-protos-types (~> 1.0)
    grpc (1.80.0-x86-linux-musl)
      google-protobuf (>= 3.25, < 5.0)
      googleapis-common-protos-types (~> 1.0)
    grpc (1.80.0-x86_64-darwin)
      google-protobuf (>= 3.25, < 5.0)
      googleapis-common-protos-types (~> 1.0)
    grpc (1.80.0-x86_64-linux-gnu)
      google-protobuf (>= 3.25, < 5.0)
      googleapis-common-protos-types (~> 1.0)
    grpc (1.80.0-x86_64-linux-musl)
      google-protobuf (>= 3.25, < 5.0)
      googleapis-common-protos-types (~> 1.0)
    i18n (1.14.8)
      concurrent-ruby (~> 1.0)
    json (2.19.5)
    jwt (3.2.0)
      base64
    language_server-protocol (3.17.0.5)
    lint_roller (1.1.0)
    logger (1.7.0)
    minitest (6.0.6)
      drb (~> 2.0)
      prism (~> 1.5)
    multi_json (1.21.1)
    mustermann (3.1.1)
    net-http (0.9.1)
      uri (>= 0.11.1)
    nio4r (2.7.5)
    ons-firestore (1.3.1)
      google-cloud-firestore (~> 2.6)
    ons-numbers (1.0.0)
    os (1.1.4)
    pagy (43.5.4)
      json
      uri
      yaml
    parallel (2.1.0)
    parser (3.3.11.1)
      ast (~> 2.4.1)
      racc
    prism (1.9.0)
    public_suffix (7.0.5)
    puma (8.0.1)
      nio4r (~> 2.0)
    racc (1.8.1)
    rack (3.2.6)
    rack-protection (4.2.1)
      base64 (>= 0.1.0)
      logger (>= 1.6.0)
      rack (>= 3.0.0, < 4)
    rack-session (2.1.2)
      base64 (>= 0.1.0)
      rack (>= 3.0.0)
    rainbow (3.1.1)
    rake (13.4.2)
    rbtree (0.4.6)
    regexp_parser (2.12.0)
    rubocop (1.86.2)
      json (~> 2.3)
      language_server-protocol (~> 3.17.0.2)
      lint_roller (~> 1.1.0)
      parallel (>= 1.10)
      parser (>= 3.3.0.2)
      rainbow (>= 2.2.2, < 4.0)
      regexp_parser (>= 2.9.3, < 3.0)
      rubocop-ast (>= 1.49.0, < 2.0)
      ruby-progressbar (~> 1.7)
      unicode-display_width (>= 2.4.0, < 4.0)
    rubocop-ast (1.49.1)
      parser (>= 3.3.7.2)
      prism (~> 1.7)
    ruby-progressbar (1.13.0)
    securerandom (0.4.1)
    signet (0.21.0)
      addressable (~> 2.8)
      faraday (>= 0.17.5, < 3.a)
      jwt (>= 1.5, < 4.0)
      multi_json (~> 1.10)
    sinatra (4.2.1)
      logger (>= 1.6.0)
      mustermann (~> 3.0)
      rack (>= 3.0.0, < 4)
      rack-protection (= 4.2.1)
      rack-session (>= 2.0.0, < 3)
      tilt (~> 2.0)
    sinatra-contrib (4.2.1)
      multi_json (>= 0.0.2)
      mustermann (~> 3.0)
      rack-protection (= 4.2.1)
      sinatra (= 4.2.1)
      tilt (~> 2.0)
    tilt (2.7.0)
    tzinfo (2.0.6)
      concurrent-ruby (~> 1.0)
    unicode-display_width (3.2.0)
      unicode-emoji (~> 4.1)
    unicode-emoji (4.2.0)
    uri (1.1.1)
    yaml (0.4.0)

PLATFORMS
  aarch64-linux-gnu
  aarch64-linux-musl
  arm64-darwin
  ruby
  x86-linux-gnu
  x86-linux-musl
  x86_64-darwin
  x86_64-linux-gnu
  x86_64-linux-musl

DEPENDENCIES
  graphlient
  ons-firestore
  ons-numbers
  pagy
  puma
  rubocop
  sinatra
  sinatra-contrib

CHECKSUMS
  activesupport (8.1.3) sha256=21a5e0dfbd4c3ddd9e1317ec6a4d782fa226e7867dc70b0743acda81a1dca20e
  addressable (2.9.0) sha256=7fdf6ac3660f7f4e867a0838be3f6cf722ace541dd97767fa42bc6cfa980c7af
  ast (2.4.3) sha256=954615157c1d6a382bc27d690d973195e79db7f55e9765ac7c481c60bdb4d383
  base64 (0.3.0) sha256=27337aeabad6ffae05c265c450490628ef3ebd4b67be58257393227588f5a97b
  bigdecimal (4.1.2) sha256=53d217666027eab4280346fba98e7d5b66baaae1b9c3c1c0ffe89d48188a3fbd
  concurrent-ruby (1.3.6) sha256=6b56837e1e7e5292f9864f34b69c5a2cbc75c0cf5338f1ce9903d10fa762d5ab
  connection_pool (3.0.2) sha256=33fff5ba71a12d2aa26cb72b1db8bba2a1a01823559fb01d29eb74c286e62e0a
  drb (2.2.3) sha256=0b00d6fdb50995fe4a45dea13663493c841112e4068656854646f418fda13373
  faraday (2.14.2) sha256=73ccb9994a9e8648f010e32eca2ae82e41c57860aa10932cda29418b9e0223ad
  faraday-net_http (3.4.2) sha256=f147758260d3526939bf57ecf911682f94926a3666502e24c69992765875906c
  faraday-retry (2.4.0) sha256=7b79c48fb7e56526faf247b12d94a680071ff40c9fda7cf1ec1549439ad11ebe
  fiber-storage (1.0.1) sha256=f48e5b6d8b0be96dac486332b55cee82240057065dc761c1ea692b2e719240e1
  gapic-common (1.3.0) sha256=4e5d9be1effb7366e2cda13c0f44922285d5613ac8de8b9b18c2c835fe4faa91
  google-cloud-core (1.8.0) sha256=e572edcbf189cfcab16590628a516cec3f4f63454b730e59f0b36575120281cf
  google-cloud-env (2.3.1) sha256=0faac01eb27be78c2591d64433663b1a114f8f7af55a4f819755426cac9178e7
  google-cloud-errors (1.6.0) sha256=1da8476dd706ad04b9d32e3c4b90d07d3463b37d6407cb56d41342ea7647d0a1
  google-cloud-firestore (2.15.0) sha256=721b2aceda1efc591afa556b37df12a9ae5df0c4a0a74190de660a587b5237c3
  google-cloud-firestore-v1 (0.14.0) sha256=d65f98cd59bf5e4556111ea0d2336b6dca4f7a8c90e80b29c72225d6ebf9a99f
  google-cloud-location (1.4.0) sha256=af4e82e7b45a337020ea0674d363c45c083d08c968f12bf6d82d425e2b8843f7
  google-logging-utils (0.2.0) sha256=675462b4ea5affa825a3442694ca2d75d0069455a1d0956127207498fca3df7b
  google-protobuf (4.34.1) sha256=347181542b8d659c60f028fa3791c9cccce651a91ad27782dbc5c5e374796cdc
  google-protobuf (4.34.1-aarch64-linux-gnu) sha256=f9c07607dc139c895f2792a7740fcd01cd94d4d7b0e0a939045b50d7999f0b1d
  google-protobuf (4.34.1-aarch64-linux-musl) sha256=db58e5a4a492b43c6614486aea31b7fb86955b175d1d48f28ebf388f058d78a9
  google-protobuf (4.34.1-arm64-darwin) sha256=2745061f973119e6e7f3c81a0c77025d291a3caa6585a2cd24a25bbc7bedb267
  google-protobuf (4.34.1-x86-linux-gnu) sha256=b6da7891fe96b13038e5435d8ac8b8a84d78a468147a48a377fe8da40aba1c88
  google-protobuf (4.34.1-x86-linux-musl) sha256=ea0f453e78f4c30d0d9dbaa8cf9b33d2a1ea04ab2cad2c2a07e479411c05f1a9
  google-protobuf (4.34.1-x86_64-darwin) sha256=4dc498376e218871613589c4d872400d42ad9ae0c700bdb2606fe1c77a593075
  google-protobuf (4.34.1-x86_64-linux-gnu) sha256=87088c9fd8e47b5b40ca498fc1195add6149e941ff7e81c532a5b0b8876d4cc9
  google-protobuf (4.34.1-x86_64-linux-musl) sha256=8c0e91436fbe504ffc64f0bd621f2e69adbcce8ed2c58439d7a21117069cfdd7
  googleapis-common-protos (1.9.0) sha256=207be372d8d25e3876e1e1155d057e14f3c92f8f5428772864a8ce04a0b756e4
  googleapis-common-protos-types (1.22.0) sha256=f97492b77bd6da0018c860d5004f512fe7cd165554d7019a8f4df6a56fbfc4c7
  googleauth (1.16.2) sha256=15009502e2e38af71948cda918f230e27d327f6882a1e47967a5a4664930a638
  graphlient (0.8.0) sha256=98c408da1d083454e9f5e274f3b0b6261e2a0c2b5f2ed7b3ef9441d46f8e7cb1
  graphql (2.6.2) sha256=42971edc2281c963cb94b4fcef4897ff7ffe3a52c4467706df6fe0531f1b4858
  graphql-client (0.26.0) sha256=190b122707e0aa4937089229799ed4a6980092ef4cb9d8dc6042d07a85459cf1
  grpc (1.80.0) sha256=2ded0c8bc3a1f3d34b8c790e00dd0120768ba0e9f9fd841e1dc67f7a2566d07d
  grpc (1.80.0-aarch64-linux-gnu) sha256=1c15048887224575cb38026fea5b9abb14ae955bfce8beb0701e0946959a8520
  grpc (1.80.0-aarch64-linux-musl) sha256=9568f17e848d873fffd27351d4d1c918ea621e901b3dfcd62d7ff86dbae286a3
  grpc (1.80.0-arm64-darwin) sha256=c4b5871ad7673c526b64e54e70a99d84e35e2c26a1fc9a91f9c3341c7821e0c7
  grpc (1.80.0-x86-linux-gnu) sha256=b9fbce2480b2f1e965a6241a5df033c0d20a19f99a637e3cb8a12a6f5c3e68c6
  grpc (1.80.0-x86-linux-musl) sha256=db943737f134e61d88709ba697fe0830e794eb4a2d12bd2bb9203afefd334f21
  grpc (1.80.0-x86_64-darwin) sha256=4484d1280a43f94e8f1ab6ae53d282a4832f8ffb61b6996f43fc50716f464f1c
  grpc (1.80.0-x86_64-linux-gnu) sha256=25ba8beb5438152fb60656161dc729c1258c6963ec568361f601e19b2fb7ac23
  grpc (1.80.0-x86_64-linux-musl) sha256=15a62e816c690bece9f5fd320a4b61aa735a2390daa8141596672a6e820ff342
  i18n (1.14.8) sha256=285778639134865c5e0f6269e0b818256017e8cde89993fdfcbfb64d088824a5
  json (2.19.5) sha256=218a18553e4801d579ca7e0f5bc72bafd776d7397238a1fb4e74db5b0a812c59
  jwt (3.2.0) sha256=5419b1fe37b1da0982bd07051f573a8b8789ab724c2aa7e785e4784a3ed217d7
  language_server-protocol (3.17.0.5) sha256=fd1e39a51a28bf3eec959379985a72e296e9f9acfce46f6a79d31ca8760803cc
  lint_roller (1.1.0) sha256=2c0c845b632a7d172cb849cc90c1bce937a28c5c8ccccb50dfd46a485003cc87
  logger (1.7.0) sha256=196edec7cc44b66cfb40f9755ce11b392f21f7967696af15d274dde7edff0203
  minitest (6.0.6) sha256=153ea36d1d987a62942382b61075745042a2b3123b1cd48f4c3675af9cc7d6f1
  multi_json (1.21.1) sha256=e6126a31808e3b4d19f483c775ceac34df190dffa62adfb63a165ee14ba68080
  mustermann (3.1.1) sha256=4c6170c7234d5499c345562ba7c7dfe73e1754286dcc1abb053064d66a127198
  net-http (0.9.1) sha256=25ba0b67c63e89df626ed8fac771d0ad24ad151a858af2cc8e6a716ca4336996
  nio4r (2.7.5) sha256=6c90168e48fb5f8e768419c93abb94ba2b892a1d0602cb06eef16d8b7df1dca1
  ons-firestore (1.3.1) sha256=97dae88e1d1177b873cfa9aa1a3d59f1dc4d4496eb7dc91a04bd1cef02116b8d
  ons-numbers (1.0.0) sha256=3dfe34c36b31f8218397a28dde8eb8186b2a39ee5e21b579f8704c671ce76446
  os (1.1.4) sha256=57816d6a334e7bd6aed048f4b0308226c5fb027433b67d90a9ab435f35108d3f
  pagy (43.5.4) sha256=2bdf3fa6b1e0cac5bbafe5d077fb24eb971f72f3194f8c6863a0f3867261ce59
  parallel (2.1.0) sha256=b35258865c2e31134c5ecb708beaaf6772adf9d5efae28e93e99260877b09356
  parser (3.3.11.1) sha256=d17ace7aabe3e72c3cc94043714be27cc6f852f104d81aa284c2281aecc65d54
  prism (1.9.0) sha256=7b530c6a9f92c24300014919c9dcbc055bf4cdf51ec30aed099b06cd6674ef85
  public_suffix (7.0.5) sha256=1a8bb08f1bbea19228d3bed6e5ed908d1cb4f7c2726d18bd9cadf60bc676f623
  puma (8.0.1) sha256=7b94e50c07655718c1fb8ae41a11fc06c7d61293208b3aa608ff71a46d3ad37c
  racc (1.8.1) sha256=4a7f6929691dbec8b5209a0b373bc2614882b55fc5d2e447a21aaa691303d62f
  rack (3.2.6) sha256=5ed78e1f73b2e25679bec7d45ee2d4483cc4146eb1be0264fc4d94cb5ef212c2
  rack-protection (4.2.1) sha256=cf6e2842df8c55f5e4d1a4be015e603e19e9bc3a7178bae58949ccbb58558bac
  rack-session (2.1.2) sha256=595434f8c0c3473ae7d7ac56ecda6cc6dfd9d37c0b2b5255330aa1576967ffe8
  rainbow (3.1.1) sha256=039491aa3a89f42efa1d6dec2fc4e62ede96eb6acd95e52f1ad581182b79bc6a
  rake (13.4.2) sha256=cb825b2bd5f1f8e91ca37bddb4b9aaf345551b4731da62949be002fa89283701
  rbtree (0.4.6) sha256=14eea4469b24fd2472542e5f3eb105d6344c8ccf36f0b56d55fdcfeb4e0f10fc
  regexp_parser (2.12.0) sha256=35a916a1d63190ab5c9009457136ae5f3c0c7512d60291d0d1378ba18ce08ebb
  rubocop (1.86.2) sha256=bb2e97f635eda42c448f2588f4a6ff78f221b8bdfdf65b1e9b07fbd57521b45d
  rubocop-ast (1.49.1) sha256=4412f3ee70f6fe4546cc489548e0f6fcf76cafcfa80fa03af67098ffed755035
  ruby-progressbar (1.13.0) sha256=80fc9c47a9b640d6834e0dc7b3c94c9df37f08cb072b7761e4a71e22cff29b33
  securerandom (0.4.1) sha256=cc5193d414a4341b6e225f0cb4446aceca8e50d5e1888743fac16987638ea0b1
  signet (0.21.0) sha256=d617e9fbf24928280d39dcfefba9a0372d1c38187ffffd0a9283957a10a8cd5b
  sinatra (4.2.1) sha256=b7aeb9b11d046b552972ade834f1f9be98b185fa8444480688e3627625377080
  sinatra-contrib (4.2.1) sha256=10d091c944d268aa910c618ea40a3c3ebe0533e6e32990d84af92235a3d26b4a
  tilt (2.7.0) sha256=0d5b9ba69f6a36490c64b0eee9f6e9aad517e20dcc848800a06eb116f08c6ab3
  tzinfo (2.0.6) sha256=8daf828cc77bcf7d63b0e3bdb6caa47e2272dcfaf4fbfe46f8c3a9df087a829b
  unicode-display_width (3.2.0) sha256=0cdd96b5681a5949cdbc2c55e7b420facae74c4aaf9a9815eee1087cb1853c42
  unicode-emoji (4.2.0) sha256=519e69150f75652e40bf736106cfbc8f0f73aa3fb6a65afe62fefa7f80b0f80f
  uri (1.1.1) sha256=379fa58d27ffb1387eaada68c749d1426738bd0f654d812fcc07e7568f5c57c6
  yaml (0.4.0) sha256=240e69d1e6ce3584d6085978719a0faa6218ae426e034d8f9b02fb54d3471942

BUNDLED WITH
  4.0.3
